
Microsoft Visual Studio Solution File, Format Version 12.00
Project("{2150E333-8FDC-42A3-9474-1A3956D46DE8}") = "src", "src", "{73285DFE-5BA2-4930-B76F-B3411D4187C0}"
EndProject
Project("{2150E333-8FDC-42A3-9474-1A3956D46DE8}") = "Hub", "Hub", "{DE8FD990-E816-41A8-837C-6B9DDCC4276D}"
EndProject
Project("{FAE04EC0-301F-11D3-BF4B-00C04F79EFBC}") = "NekoFrame.Hub.Domain", "src\Hub\NekoFrame.Hub.Domain\NekoFrame.Hub.Domain.csproj", "{1F2CCC5A-1302-4EB1-A3CF-17A28361071C}"
EndProject
Project("{FAE04EC0-301F-11D3-BF4B-00C04F79EFBC}") = "NekoFrame.Hub.UnitTests", "src\Hub\NekoFrame.Hub.UnitTests\NekoFrame.Hub.UnitTests.csproj", "{E827179B-452C-499E-8806-95C376D59C05}"
EndProject
Project("{2150E333-8FDC-42A3-9474-1A3956D46DE8}") = "Device", "Device", "{12FBF493-2C27-4847-BCC0-F758652543AC}"
EndProject
Project("{FAE04EC0-301F-11D3-BF4B-00C04F79EFBC}") = "NekoFrame.Device.Core", "src\Device\NekoFrame.Device.Core\NekoFrame.Device.Core.csproj", "{53E5CE3A-B3D0-496C-AB5E-E7D4A1E250CC}"
EndProject
Project("{FAE04EC0-301F-11D3-BF4B-00C04F79EFBC}") = "NekoFrame.Device.UnitTests", "src\Device\NekoFrame.Device.UnitTests\NekoFrame.Device.UnitTests.csproj", "{A53E4E35-CED8-45E9-BBDE-4ED490BF16BA}"
EndProject
Project("{FAE04EC0-301F-11D3-BF4B-00C04F79EFBC}") = "NekoFrame.Hub.Api", "src\Hub\NekoFrame.Hub.Api\NekoFrame.Hub.Api.csproj", "{9675D344-FAB8-40E7-A350-B98A85F910D0}"
EndProject
Project("{FAE04EC0-301F-11D3-BF4B-00C04F79EFBC}") = "NekoFrame.Hub.Infrastructure", "src\Hub\NekoFrame.Hub.Infrastructure\NekoFrame.Hub.Infrastructure.csproj", "{7AD8D839-33D1-40DE-97C0-FC18C221DFC3}"
EndProject
Project("{FAE04EC0-301F-11D3-BF4B-00C04F79EFBC}") = "NekoFrame.Hub.Application", "src\Hub\NekoFrame.Hub.Application\NekoFrame.Hub.Application.csproj", "{90AEF631-E109-4AEE-B82B-FB4F2307B1EA}"
EndProject
Global
	GlobalSection(SolutionConfigurationPlatforms) = preSolution
		Debug|Any CPU = Debug|Any CPU
		Release|Any CPU = Release|Any CPU
	EndGlobalSection
	GlobalSection(NestedProjects) = preSolution
		{DE8FD990-E816-41A8-837C-6B9DDCC4276D} = {73285DFE-5BA2-4930-B76F-B3411D4187C0}
		{1F2CCC5A-1302-4EB1-A3CF-17A28361071C} = {DE8FD990-E816-41A8-837C-6B9DDCC4276D}
		{E827179B-452C-499E-8806-95C376D59C05} = {DE8FD990-E816-41A8-837C-6B9DDCC4276D}
		{12FBF493-2C27-4847-BCC0-F758652543AC} = {73285DFE-5BA2-4930-B76F-B3411D4187C0}
		{53E5CE3A-B3D0-496C-AB5E-E7D4A1E250CC} = {12FBF493-2C27-4847-BCC0-F758652543AC}
		{A53E4E35-CED8-45E9-BBDE-4ED490BF16BA} = {12FBF493-2C27-4847-BCC0-F758652543AC}
		{9675D344-FAB8-40E7-A350-B98A85F910D0} = {DE8FD990-E816-41A8-837C-6B9DDCC4276D}
		{7AD8D839-33D1-40DE-97C0-FC18C221DFC3} = {DE8FD990-E816-41A8-837C-6B9DDCC4276D}
		{90AEF631-E109-4AEE-B82B-FB4F2307B1EA} = {DE8FD990-E816-41A8-837C-6B9DDCC4276D}
	EndGlobalSection
	GlobalSection(ProjectConfigurationPlatforms) = postSolution
		{1F2CCC5A-1302-4EB1-A3CF-17A28361071C}.Debug|Any CPU.ActiveCfg = Debug|Any CPU
		{1F2CCC5A-1302-4EB1-A3CF-17A28361071C}.Debug|Any CPU.Build.0 = Debug|Any CPU
		{1F2CCC5A-1302-4EB1-A3CF-17A28361071C}.Release|Any CPU.ActiveCfg = Release|Any CPU
		{1F2CCC5A-1302-4EB1-A3CF-17A28361071C}.Release|Any CPU.Build.0 = Release|Any CPU
		{E827179B-452C-499E-8806-95C376D59C05}.Debug|Any CPU.ActiveCfg = Debug|Any CPU
		{E827179B-452C-499E-8806-95C376D59C05}.Debug|Any CPU.Build.0 = Debug|Any CPU
		{E827179B-452C-499E-8806-95C376D59C05}.Release|Any CPU.ActiveCfg = Release|Any CPU
		{E827179B-452C-499E-8806-95C376D59C05}.Release|Any CPU.Build.0 = Release|Any CPU
		{53E5CE3A-B3D0-496C-AB5E-E7D4A1E250CC}.Debug|Any CPU.ActiveCfg = Debug|Any CPU
		{53E5CE3A-B3D0-496C-AB5E-E7D4A1E250CC}.Debug|Any CPU.Build.0 = Debug|Any CPU
		{53E5CE3A-B3D0-496C-AB5E-E7D4A1E250CC}.Release|Any CPU.ActiveCfg = Release|Any CPU
		{53E5CE3A-B3D0-496C-AB5E-E7D4A1E250CC}.Release|Any CPU.Build.0 = Release|Any CPU
		{A53E4E35-CED8-45E9-BBDE-4ED490BF16BA}.Debug|Any CPU.ActiveCfg = Debug|Any CPU
		{A53E4E35-CED8-45E9-BBDE-4ED490BF16BA}.Debug|Any CPU.Build.0 = Debug|Any CPU
		{A53E4E35-CED8-45E9-BBDE-4ED490BF16BA}.Release|Any CPU.ActiveCfg = Release|Any CPU
		{A53E4E35-CED8-45E9-BBDE-4ED490BF16BA}.Release|Any CPU.Build.0 = Release|Any CPU
		{9675D344-FAB8-40E7-A350-B98A85F910D0}.Debug|Any CPU.ActiveCfg = Debug|Any CPU
		{9675D344-FAB8-40E7-A350-B98A85F910D0}.Debug|Any CPU.Build.0 = Debug|Any CPU
		{9675D344-FAB8-40E7-A350-B98A85F910D0}.Release|Any CPU.ActiveCfg = Release|Any CPU
		{9675D344-FAB8-40E7-A350-B98A85F910D0}.Release|Any CPU.Build.0 = Release|Any CPU
		{7AD8D839-33D1-40DE-97C0-FC18C221DFC3}.Debug|Any CPU.ActiveCfg = Debug|Any CPU
		{7AD8D839-33D1-40DE-97C0-FC18C221DFC3}.Debug|Any CPU.Build.0 = Debug|Any CPU
		{7AD8D839-33D1-40DE-97C0-FC18C221DFC3}.Release|Any CPU.ActiveCfg = Release|Any CPU
		{7AD8D839-33D1-40DE-97C0-FC18C221DFC3}.Release|Any CPU.Build.0 = Release|Any CPU
		{90AEF631-E109-4AEE-B82B-FB4F2307B1EA}.Debug|Any CPU.ActiveCfg = Debug|Any CPU
		{90AEF631-E109-4AEE-B82B-FB4F2307B1EA}.Debug|Any CPU.Build.0 = Debug|Any CPU
		{90AEF631-E109-4AEE-B82B-FB4F2307B1EA}.Release|Any CPU.ActiveCfg = Release|Any CPU
		{90AEF631-E109-4AEE-B82B-FB4F2307B1EA}.Release|Any CPU.Build.0 = Release|Any CPU
	EndGlobalSection
EndGlobal
